
Microsoft Visual Studio Solution File, Format Version 12.00
# Visual Studio Version 17
VisualStudioVersion = 17.11.35312.102
MinimumVisualStudioVersion = 10.0.40219.1
Project("{FAE04EC0-301F-11D3-BF4B-00C04F79EFBC}") = "Uniqlo_1", "Uniqlo_1\Uniqlo_1.csproj", "{99C498F5-50D2-4109-9EA1-63AC64ADD787}"
EndProject
Global
	GlobalSection(SolutionConfigurationPlatforms) = preSolution
		Debug|Any CPU = Debug|Any CPU
		Release|Any CPU = Release|Any CPU
	EndGlobalSection
	GlobalSection(ProjectConfigurationPlatforms) = postSolution
		{99C498F5-50D2-4109-9EA1-63AC64ADD787}.Debug|Any CPU.ActiveCfg = Debug|Any CPU
		{99C498F5-50D2-4109-9EA1-63AC64ADD787}.Debug|Any CPU.Build.0 = Debug|Any CPU
		{99C498F5-50D2-4109-9EA1-63AC64ADD787}.Release|Any CPU.ActiveCfg = Release|Any CPU
		{99C498F5-50D2-4109-9EA1-63AC64ADD787}.Release|Any CPU.Build.0 = Release|Any CPU
	EndGlobalSection
	GlobalSection(SolutionProperties) = preSolution
		HideSolutionNode = FALSE
	EndGlobalSection
	GlobalSection(ExtensibilityGlobals) = postSolution
		SolutionGuid = {F4764EC4-6147-42AF-BD9B-FCAE444DF015}
	EndGlobalSection
EndGlobal
